// !$*UTF8*$!
{
	archiveVersion = 1;
	classes = {
	};
	objectVersion = 50;
	objects = {

/* Begin PBXBuildFile section */
		291BE7B922A275FD0002430E /* AppDelegate.swift in Sources */ = {isa = PBXBuildFile; fileRef = 291BE7B822A275FD0002430E /* AppDelegate.swift */; };
		291BE7BB22A275FD0002430E /* ViewController.swift in Sources */ = {isa = PBXBuildFile; fileRef = 291BE7BA22A275FD0002430E /* ViewController.swift */; };
		291BE7BE22A275FD0002430E /* Main.storyboard in Resources */ = {isa = PBXBuildFile; fileRef = 291BE7BC22A275FD0002430E /* Main.storyboard */; };
		291BE7C022A275FE0002430E /* Assets.xcassets in Resources */ = {isa = PBXBuildFile; fileRef = 291BE7BF22A275FE0002430E /* Assets.xcassets */; };
		291BE7C322A275FE0002430E /* LaunchScreen.storyboard in Resources */ = {isa = PBXBuildFile; fileRef = 291BE7C122A275FE0002430E /* LaunchScreen.storyboard */; };
		291BE7CB22A2761A0002430E /* Queen.swift in Sources */ = {isa = PBXBuildFile; fileRef = 291BE7CA22A2761A0002430E /* Queen.swift */; };
/* End PBXBuildFile section */

/* Begin PBXFileReference section */
		291BE7B522A275FD0002430E /* EightQueens.app */ = {isa = PBXFileReference; explicitFileType = wrapper.application; includeInIndex = 0; path = EightQueens.app; sourceTree = BUILT_PRODUCTS_DIR; };
		291BE7B822A275FD0002430E /* AppDelegate.swift */ = {isa = PBXFileReference; lastKnownFileType = sourcecode.swift; path = AppDelegate.swift; sourceTree = "<group>"; };
		291BE7BA22A275FD0002430E /* ViewController.swift */ = {isa = PBXFileReference; lastKnownFileType = sourcecode.swift; path = ViewController.swift; sourceTree = "<group>"; };
		291BE7BD22A275FD0002430E /* Base */ = {isa = PBXFileReference; lastKnownFileType = file.storyboard; name = Base; path = Base.lproj/Main.storyboard; sourceTree = "<group>"; };
		291BE7BF22A275FE0002430E /* Assets.xcassets */ = {isa = PBXFileReference; lastKnownFileType = folder.assetcatalog; path = Assets.xcassets; sourceTree = "<group>"; };
		291BE7C222A275FE0002430E /* Base */ = {isa = PBXFileReference; lastKnownFileType = file.storyboard; name = Base; path = Base.lproj/LaunchScreen.storyboard; sourceTree = "<group>"; };
		291BE7C422A275FE0002430E /* Info.plist */ = {isa = PBXFileReference; lastKnownFileType = text.plist.xml; path = Info.plist; sourceTree = "<group>"; };
		291BE7CA22A2761A0002430E /* Queen.swift */ = {isa = PBXFileReference; lastKnownFileType = sourcecode.swift; path = Queen.swift; sourceTree = "<group>"; };
/* End PBXFileReference section */

/* Begin PBXFrameworksBuildPhase section */
		291BE7B222A275FD0002430E /* Frameworks */ = {
			isa = PBXFrameworksBuildPhase;
			buildActionMask = 2147483647;
			files = (
			);
			runOnlyForDeploymentPostprocessing = 0;
		};
/* End PBXFrameworksBuildPhase section */

/* Begin PBXGroup section */
		291BE7AC22A275FC0002430E = {
			isa = PBXGroup;
			children = (
				291BE7B722A275FD0002430E /* EightQueens */,
				291BE7B622A275FD0002430E /* Products */,
			);
			sourceTree = "<group>";
		};
		291BE7B622A275FD0002430E /* Products */ = {
			isa = PBXGroup;
			children = (
				291BE7B522A275FD0002430E /* EightQueens.app */,
			);
			name = Products;
			sourceTree = "<group>";
		};
		291BE7B722A275FD0002430E /* EightQueens */ = {
			isa = PBXGroup;
			children = (
				291BE7B822A275FD0002430E /* AppDelegate.swift */,
				291BE7BA22A275FD0002430E /* ViewController.swift */,
				291BE7CA22A2761A0002430E /* Queen.swift */,
				291BE7BC22A275FD0002430E /* Main.storyboard */,
				291BE7BF22A275FE0002430E /* Assets.xcassets */,
				291BE7C122A275FE0002430E /* LaunchScreen.storyboard */,
				291BE7C422A275FE0002430E /* Info.plist */,
			);
			path = EightQueens;
			sourceTree = "<group>";
		};
/* End PBXGroup section */

/* Begin PBXNativeTarget section */
		291BE7B422A275FD0002430E /* EightQueens */ = {
			isa = PBXNativeTarget;
			buildConfigurationList = 291BE7C722A275FE0002430E /* Build configuration list for PBXNativeTarget "EightQueens" */;
			buildPhases = (
				291BE7B122A275FD0002430E /* Sources */,
				291BE7B222A275FD0002430E /* Frameworks */,
				291BE7B322A275FD0002430E /* Resources */,
			);
			buildRules = (
			);
			dependencies = (
			);
			name = EightQueens;
			productName = EightQueens;
			productReference = 291BE7B522A275FD0002430E /* EightQueens.app */;
			productType = "com.apple.product-type.application";
		};
/* End PBXNativeTarget section */

/* Begin PBXProject section */
		291BE7AD22A275FC0002430E /* Project object */ = {
			isa = PBXProject;
			attributes = {
				LastSwiftUpdateCheck = 1010;
				LastUpgradeCheck = 1010;
				ORGANIZATIONNAME = "Tào Quỳnh";
				TargetAttributes = {
					291BE7B422A275FD0002430E = {
						CreatedOnToolsVersion = 10.1;
					};
				};
			};
			buildConfigurationList = 291BE7B022A275FC0002430E /* Build configuration list for PBXProject "EightQueens" */;
			compatibilityVersion = "Xcode 9.3";
			developmentRegion = en;
			hasScannedForEncodings = 0;
			knownRegions = (
				en,
				Base,
			);
			mainGroup = 291BE7AC22A275FC0002430E;
			productRefGroup = 291BE7B622A275FD0002430E /* Products */;
			projectDirPath = "";
			projectRoot = "";
			targets = (
				291BE7B422A275FD0002430E /* EightQueens */,
			);
		};
/* End PBXProject section */

/* Begin PBXResourcesBuildPhase section */
		291BE7B322A275FD0002430E /* Resources */ = {
			isa = PBXResourcesBuildPhase;
			buildActionMask = 2147483647;
			files = (
				291BE7C322A275FE0002430E /* LaunchScreen.storyboard in Resources */,
				291BE7C022A275FE0002430E /* Assets.xcassets in Resources */,
				291BE7BE22A275FD0002430E /* Main.storyboard in Resources */,
			);
			runOnlyForDeploymentPostprocessing = 0;
		};
/* End PBXResourcesBuildPhase section */

/* Begin PBXSourcesBuildPhase section */
		291BE7B122A275FD0002430E /* Sources */ = {
			isa = PBXSourcesBuildPhase;
			buildActionMask = 2147483647;
			files = (
				291BE7CB22A2761A0002430E /* Queen.swift in Sources */,
				291BE7BB22A275FD0002430E /* ViewController.swift in Sources */,
				291BE7B922A275FD0002430E /* AppDelegate.swift in Sources */,
			);
			runOnlyForDeploymentPostprocessing = 0;
		};
/* End PBXSourcesBuildPhase section */

/* Begin PBXVariantGroup section */
		291BE7BC22A275FD0002430E /* Main.storyboard */ = {
			isa = PBXVariantGroup;
			children = (
				291BE7BD22A275FD0002430E /* Base */,
			);
			name = Main.storyboard;
			sourceTree = "<group>";
		};
		291BE7C122A275FE0002430E /* LaunchScreen.storyboard */ = {
			isa = PBXVariantGroup;
			children = (
				291BE7C222A275FE0002430E /* Base */,
			);
			name = LaunchScreen.storyboard;
			sourceTree = "<group>";
		};
/* End PBXVariantGroup section */

/* Begin XCBuildConfiguration section */
		291BE7C522A275FE0002430E /* Debug */ = {
			isa = XCBuildConfiguration;
			buildSettings = {
				ALWAYS_SEARCH_USER_PATHS = NO;
				CLANG_ANALYZER_NONNULL = YES;
				CLANG_ANALYZER_NUMBER_OBJECT_CONVERSION = YES_AGGRESSIVE;
				CLANG_CXX_LANGUAGE_STANDARD = "gnu++14";
				CLANG_CXX_LIBRARY = "libc++";
				CLANG_ENABLE_MODULES = YES;
				CLANG_ENABLE_OBJC_ARC = YES;
				CLANG_ENABLE_OBJC_WEAK = YES;
				CLANG_WARN_BLOCK_CAPTURE_AUTORELEASING = YES;
				CLANG_WARN_BOOL_CONVERSION = YES;
				CLANG_WARN_COMMA = YES;
				CLANG_WARN_CONSTANT_CONVERSION = YES;
				CLANG_WARN_DEPRECATED_OBJC_IMPLEMENTATIONS = YES;
				CLANG_WARN_DIRECT_OBJC_ISA_USAGE = YES_ERROR;
				CLANG_WARN_DOCUMENTATION_COMMENTS = YES;
				CLANG_WARN_EMPTY_BODY = YES;
				CLANG_WARN_ENUM_CONVERSION = YES;
				CLANG_WARN_INFINITE_RECURSION = YES;
				CLANG_WARN_INT_CONVERSION = YES;
				CLANG_WARN_NON_LITERAL_NULL_CONVERSION = YES;
				CLANG_WARN_OBJC_IMPLICIT_RETAIN_SELF = YES;
				CLANG_WARN_OBJC_LITERAL_CONVERSION = YES;
				CLANG_WARN_OBJC_ROOT_CLASS = YES_ERROR;
				CLANG_WARN_RANGE_LOOP_ANALYSIS = YES;
				CLANG_WARN_STRICT_PROTOTYPES = YES;
				CLANG_WARN_SUSPICIOUS_MOVE = YES;
				CLANG_WARN_UNGUARDED_AVAILABILITY = YES_AGGRESSIVE;
				CLANG_WARN_UNREACHABLE_CODE = YES;
				CLANG_WARN__DUPLICATE_METHOD_MATCH = YES;
				CODE_SIGN_IDENTITY = "iPhone Developer";
				COPY_PHASE_STRIP = NO;
				DEBUG_INFORMATION_FORMAT = dwarf;
				ENABLE_STRICT_OBJC_MSGSEND = YES;
				ENABLE_TESTABILITY = YES;
				GCC_C_LANGUAGE_STANDARD = gnu11;
				GCC_DYNAMIC_NO_PIC = NO;
				GCC_NO_COMMON_BLOCKS = YES;
				GCC_OPTIMIZATION_LEVEL = 0;
				GCC_PREPROCESSOR_DEFINITIONS = (
					"DEBUG=1",
					"$(inherited)",
				);
				GCC_WARN_64_TO_32_BIT_CONVERSION = YES;
				GCC_WARN_ABOUT_RETURN_TYPE = YES_ERROR;
				GCC_WARN_UNDECLARED_SELECTOR = YES;
				GCC_WARN_UNINITIALIZED_AUTOS = YES_AGGRESSIVE;
				GCC_WARN_UNUSED_FUNCTION = YES;
				GCC_WARN_UNUSED_VARIABLE = YES;
				IPHONEOS_DEPLOYMENT_TARGET = 12.1;
				MTL_ENABLE_DEBUG_INFO = INCLUDE_SOURCE;
				MTL_FAST_MATH = YES;
				ONLY_ACTIVE_ARCH = YES;
				SDKROOT = iphoneos;
				SWIFT_ACTIVE_COMPILATION_CONDITIONS = DEBUG;
				SWIFT_OPTIMIZATION_LEVEL = "-Onone";
			};
			name = Debug;
		};
		291BE7C622A275FE0002430E /* Release */ = {
			isa = XCBuildConfiguration;
			buildSettings = {
				ALWAYS_SEARCH_USER_PATHS = NO;
				CLANG_ANALYZER_NONNULL = YES;
				CLANG_ANALYZER_NUMBER_OBJECT_CONVERSION = YES_AGGRESSIVE;
				CLANG_CXX_LANGUAGE_STANDARD = "gnu++14";
				CLANG_CXX_LIBRARY = "libc++";
				CLANG_ENABLE_MODULES = YES;
				CLANG_ENABLE_OBJC_ARC = YES;
				CLANG_ENABLE_OBJC_WEAK = YES;
				CLANG_WARN_BLOCK_CAPTURE_AUTORELEASING = YES;
				CLANG_WARN_BOOL_CONVERSION = YES;
				CLANG_WARN_COMMA = YES;
				CLANG_WARN_CONSTANT_CONVERSION = YES;
				CLANG_WARN_DEPRECATED_OBJC_IMPLEMENTATIONS = YES;
				CLANG_WARN_DIRECT_OBJC_ISA_USAGE = YES_ERROR;
				CLANG_WARN_DOCUMENTATION_COMMENTS = YES;
				CLANG_WARN_EMPTY_BODY = YES;
				CLANG_WARN_ENUM_CONVERSION = YES;
				CLANG_WARN_INFINITE_RECURSION = YES;
				CLANG_WARN_INT_CONVERSION = YES;
				CLANG_WARN_NON_LITERAL_NULL_CONVERSION = YES;
				CLANG_WARN_OBJC_IMPLICIT_RETAIN_SELF = YES;
				CLANG_WARN_OBJC_LITERAL_CONVERSION = YES;
				CLANG_WARN_OBJC_ROOT_CLASS = YES_ERROR;
				CLANG_WARN_RANGE_LOOP_ANALYSIS = YES;
				CLANG_WARN_STRICT_PROTOTYPES = YES;
				CLANG_WARN_SUSPICIOUS_MOVE = YES;
				CLANG_WARN_UNGUARDED_AVAILABILITY = YES_AGGRESSIVE;
				CLANG_WARN_UNREACHABLE_CODE = YES;
				CLANG_WARN__DUPLICATE_METHOD_MATCH = YES;
				CODE_SIGN_IDENTITY = "iPhone Developer";
				COPY_PHASE_STRIP = NO;
				DEBUG_INFORMATION_FORMAT = "dwarf-with-dsym";
				ENABLE_NS_ASSERTIONS = NO;
				ENABLE_STRICT_OBJC_MSGSEND = YES;
				GCC_C_LANGUAGE_STANDARD = gnu11;
				GCC_NO_COMMON_BLOCKS = YES;
				GCC_WARN_64_TO_32_BIT_CONVERSION = YES;
				GCC_WARN_ABOUT_RETURN_TYPE = YES_ERROR;
				GCC_WARN_UNDECLARED_SELECTOR = YES;
				GCC_WARN_UNINITIALIZED_AUTOS = YES_AGGRESSIVE;
				GCC_WARN_UNUSED_FUNCTION = YES;
				GCC_WARN_UNUSED_VARIABLE = YES;
				IPHONEOS_DEPLOYMENT_TARGET = 12.1;
				MTL_ENABLE_DEBUG_INFO = NO;
				MTL_FAST_MATH = YES;
				SDKROOT = iphoneos;
				SWIFT_COMPILATION_MODE = wholemodule;
				SWIFT_OPTIMIZATION_LEVEL = "-O";
				VALIDATE_PRODUCT = YES;
			};
			name = Release;
		};
		291BE7C822A275FE0002430E /* Debug */ = {
			isa = XCBuildConfiguration;
			buildSettings = {
				ASSETCATALOG_COMPILER_APPICON_NAME = AppIcon;
				CODE_SIGN_STYLE = Automatic;
				DEVELOPMENT_TEAM = Z872JX6928;
				INFOPLIST_FILE = EightQueens/Info.plist;
				LD_RUNPATH_SEARCH_PATHS = (
					"$(inherited)",
					"@executable_path/Frameworks",
				);
				PRODUCT_BUNDLE_IDENTIFIER = com.taoquynh.EightQueens;
				PRODUCT_NAME = "$(TARGET_NAME)";
				SWIFT_VERSION = 4.2;
				TARGETED_DEVICE_FAMILY = "1,2";
			};
			name = Debug;
		};
		291BE7C922A275FE0002430E /* Release */ = {
			isa = XCBuildConfiguration;
			buildSettings = {
				ASSETCATALOG_COMPILER_APPICON_NAME = AppIcon;
				CODE_SIGN_STYLE = Automatic;
				DEVELOPMENT_TEAM = Z872JX6928;
				INFOPLIST_FILE = EightQueens/Info.plist;
				LD_RUNPATH_SEARCH_PATHS = (
					"$(inherited)",
					"@executable_path/Frameworks",
				);
				PRODUCT_BUNDLE_IDENTIFIER = com.taoquynh.EightQueens;
				PRODUCT_NAME = "$(TARGET_NAME)";
				SWIFT_VERSION = 4.2;
				TARGETED_DEVICE_FAMILY = "1,2";
			};
			name = Release;
		};
/* End XCBuildConfiguration section */

/* Begin XCConfigurationList section */
		291BE7B022A275FC0002430E /* Build configuration list for PBXProject "EightQueens" */ = {
			isa = XCConfigurationList;
			buildConfigurations = (
				291BE7C522A275FE0002430E /* Debug */,
				291BE7C622A275FE0002430E /* Release */,
			);
			defaultConfigurationIsVisible = 0;
			defaultConfigurationName = Release;
		};
		291BE7C722A275FE0002430E /* Build configuration list for PBXNativeTarget "EightQueens" */ = {
			isa = XCConfigurationList;
			buildConfigurations = (
				291BE7C822A275FE0002430E /* Debug */,
				291BE7C922A275FE0002430E /* Release */,
			);
			defaultConfigurationIsVisible = 0;
			defaultConfigurationName = Release;
		};
/* End XCConfigurationList section */
	};
	rootObject = 291BE7AD22A275FC0002430E /* Project object */;
}
