// !$*UTF8*$!
{
	archiveVersion = 1;
	classes = {
	};
	objectVersion = 50;
	objects = {

/* Begin PBXBuildFile section */
		044749FB23E984C60018FD18 /* AppDelegate.swift in Sources */ = {isa = PBXBuildFile; fileRef = 044749FA23E984C60018FD18 /* AppDelegate.swift */; };
		044749FD23E984C60018FD18 /* SceneDelegate.swift in Sources */ = {isa = PBXBuildFile; fileRef = 044749FC23E984C60018FD18 /* SceneDelegate.swift */; };
		044749FF23E984C60018FD18 /* ViewController.swift in Sources */ = {isa = PBXBuildFile; fileRef = 044749FE23E984C60018FD18 /* ViewController.swift */; };
		04474A0223E984C60018FD18 /* Main.storyboard in Resources */ = {isa = PBXBuildFile; fileRef = 04474A0023E984C60018FD18 /* Main.storyboard */; };
		04474A0423E984C70018FD18 /* Assets.xcassets in Resources */ = {isa = PBXBuildFile; fileRef = 04474A0323E984C70018FD18 /* Assets.xcassets */; };
		04474A0723E984C70018FD18 /* LaunchScreen.storyboard in Resources */ = {isa = PBXBuildFile; fileRef = 04474A0523E984C70018FD18 /* LaunchScreen.storyboard */; };
		04474A1223E984C80018FD18 /* DemoKeyboardTests.swift in Sources */ = {isa = PBXBuildFile; fileRef = 04474A1123E984C80018FD18 /* DemoKeyboardTests.swift */; };
		04474A1D23E984C80018FD18 /* DemoKeyboardUITests.swift in Sources */ = {isa = PBXBuildFile; fileRef = 04474A1C23E984C80018FD18 /* DemoKeyboardUITests.swift */; };
		04474A2B23E99FBB0018FD18 /* TPKeyboardAvoidingSwift.swift in Sources */ = {isa = PBXBuildFile; fileRef = 04474A2A23E99FBB0018FD18 /* TPKeyboardAvoidingSwift.swift */; };
/* End PBXBuildFile section */

/* Begin PBXContainerItemProxy section */
		04474A0E23E984C80018FD18 /* PBXContainerItemProxy */ = {
			isa = PBXContainerItemProxy;
			containerPortal = 044749EF23E984C60018FD18 /* Project object */;
			proxyType = 1;
			remoteGlobalIDString = 044749F623E984C60018FD18;
			remoteInfo = DemoKeyboard;
		};
		04474A1923E984C80018FD18 /* PBXContainerItemProxy */ = {
			isa = PBXContainerItemProxy;
			containerPortal = 044749EF23E984C60018FD18 /* Project object */;
			proxyType = 1;
			remoteGlobalIDString = 044749F623E984C60018FD18;
			remoteInfo = DemoKeyboard;
		};
/* End PBXContainerItemProxy section */

/* Begin PBXFileReference section */
		044749F723E984C60018FD18 /* DemoKeyboard.app */ = {isa = PBXFileReference; explicitFileType = wrapper.application; includeInIndex = 0; path = DemoKeyboard.app; sourceTree = BUILT_PRODUCTS_DIR; };
		044749FA23E984C60018FD18 /* AppDelegate.swift */ = {isa = PBXFileReference; lastKnownFileType = sourcecode.swift; path = AppDelegate.swift; sourceTree = "<group>"; };
		044749FC23E984C60018FD18 /* SceneDelegate.swift */ = {isa = PBXFileReference; lastKnownFileType = sourcecode.swift; path = SceneDelegate.swift; sourceTree = "<group>"; };
		044749FE23E984C60018FD18 /* ViewController.swift */ = {isa = PBXFileReference; lastKnownFileType = sourcecode.swift; path = ViewController.swift; sourceTree = "<group>"; };
		04474A0123E984C60018FD18 /* Base */ = {isa = PBXFileReference; lastKnownFileType = file.storyboard; name = Base; path = Base.lproj/Main.storyboard; sourceTree = "<group>"; };
		04474A0323E984C70018FD18 /* Assets.xcassets */ = {isa = PBXFileReference; lastKnownFileType = folder.assetcatalog; path = Assets.xcassets; sourceTree = "<group>"; };
		04474A0623E984C70018FD18 /* Base */ = {isa = PBXFileReference; lastKnownFileType = file.storyboard; name = Base; path = Base.lproj/LaunchScreen.storyboard; sourceTree = "<group>"; };
		04474A0823E984C70018FD18 /* Info.plist */ = {isa = PBXFileReference; lastKnownFileType = text.plist.xml; path = Info.plist; sourceTree = "<group>"; };
		04474A0D23E984C80018FD18 /* DemoKeyboardTests.xctest */ = {isa = PBXFileReference; explicitFileType = wrapper.cfbundle; includeInIndex = 0; path = DemoKeyboardTests.xctest; sourceTree = BUILT_PRODUCTS_DIR; };
		04474A1123E984C80018FD18 /* DemoKeyboardTests.swift */ = {isa = PBXFileReference; lastKnownFileType = sourcecode.swift; path = DemoKeyboardTests.swift; sourceTree = "<group>"; };
		04474A1323E984C80018FD18 /* Info.plist */ = {isa = PBXFileReference; lastKnownFileType = text.plist.xml; path = Info.plist; sourceTree = "<group>"; };
		04474A1823E984C80018FD18 /* DemoKeyboardUITests.xctest */ = {isa = PBXFileReference; explicitFileType = wrapper.cfbundle; includeInIndex = 0; path = DemoKeyboardUITests.xctest; sourceTree = BUILT_PRODUCTS_DIR; };
		04474A1C23E984C80018FD18 /* DemoKeyboardUITests.swift */ = {isa = PBXFileReference; lastKnownFileType = sourcecode.swift; path = DemoKeyboardUITests.swift; sourceTree = "<group>"; };
		04474A1E23E984C80018FD18 /* Info.plist */ = {isa = PBXFileReference; lastKnownFileType = text.plist.xml; path = Info.plist; sourceTree = "<group>"; };
		04474A2A23E99FBB0018FD18 /* TPKeyboardAvoidingSwift.swift */ = {isa = PBXFileReference; fileEncoding = 4; lastKnownFileType = sourcecode.swift; path = TPKeyboardAvoidingSwift.swift; sourceTree = "<group>"; };
/* End PBXFileReference section */

/* Begin PBXFrameworksBuildPhase section */
		044749F423E984C60018FD18 /* Frameworks */ = {
			isa = PBXFrameworksBuildPhase;
			buildActionMask = 2147483647;
			files = (
			);
			runOnlyForDeploymentPostprocessing = 0;
		};
		04474A0A23E984C80018FD18 /* Frameworks */ = {
			isa = PBXFrameworksBuildPhase;
			buildActionMask = 2147483647;
			files = (
			);
			runOnlyForDeploymentPostprocessing = 0;
		};
		04474A1523E984C80018FD18 /* Frameworks */ = {
			isa = PBXFrameworksBuildPhase;
			buildActionMask = 2147483647;
			files = (
			);
			runOnlyForDeploymentPostprocessing = 0;
		};
/* End PBXFrameworksBuildPhase section */

/* Begin PBXGroup section */
		044749EE23E984C60018FD18 = {
			isa = PBXGroup;
			children = (
				044749F923E984C60018FD18 /* DemoKeyboard */,
				04474A1023E984C80018FD18 /* DemoKeyboardTests */,
				04474A1B23E984C80018FD18 /* DemoKeyboardUITests */,
				044749F823E984C60018FD18 /* Products */,
			);
			sourceTree = "<group>";
		};
		044749F823E984C60018FD18 /* Products */ = {
			isa = PBXGroup;
			children = (
				044749F723E984C60018FD18 /* DemoKeyboard.app */,
				04474A0D23E984C80018FD18 /* DemoKeyboardTests.xctest */,
				04474A1823E984C80018FD18 /* DemoKeyboardUITests.xctest */,
			);
			name = Products;
			sourceTree = "<group>";
		};
		044749F923E984C60018FD18 /* DemoKeyboard */ = {
			isa = PBXGroup;
			children = (
				04474A2A23E99FBB0018FD18 /* TPKeyboardAvoidingSwift.swift */,
				044749FA23E984C60018FD18 /* AppDelegate.swift */,
				044749FC23E984C60018FD18 /* SceneDelegate.swift */,
				044749FE23E984C60018FD18 /* ViewController.swift */,
				04474A0023E984C60018FD18 /* Main.storyboard */,
				04474A0323E984C70018FD18 /* Assets.xcassets */,
				04474A0523E984C70018FD18 /* LaunchScreen.storyboard */,
				04474A0823E984C70018FD18 /* Info.plist */,
			);
			path = DemoKeyboard;
			sourceTree = "<group>";
		};
		04474A1023E984C80018FD18 /* DemoKeyboardTests */ = {
			isa = PBXGroup;
			children = (
				04474A1123E984C80018FD18 /* DemoKeyboardTests.swift */,
				04474A1323E984C80018FD18 /* Info.plist */,
			);
			path = DemoKeyboardTests;
			sourceTree = "<group>";
		};
		04474A1B23E984C80018FD18 /* DemoKeyboardUITests */ = {
			isa = PBXGroup;
			children = (
				04474A1C23E984C80018FD18 /* DemoKeyboardUITests.swift */,
				04474A1E23E984C80018FD18 /* Info.plist */,
			);
			path = DemoKeyboardUITests;
			sourceTree = "<group>";
		};
/* End PBXGroup section */

/* Begin PBXNativeTarget section */
		044749F623E984C60018FD18 /* DemoKeyboard */ = {
			isa = PBXNativeTarget;
			buildConfigurationList = 04474A2123E984C80018FD18 /* Build configuration list for PBXNativeTarget "DemoKeyboard" */;
			buildPhases = (
				044749F323E984C60018FD18 /* Sources */,
				044749F423E984C60018FD18 /* Frameworks */,
				044749F523E984C60018FD18 /* Resources */,
			);
			buildRules = (
			);
			dependencies = (
			);
			name = DemoKeyboard;
			productName = DemoKeyboard;
			productReference = 044749F723E984C60018FD18 /* DemoKeyboard.app */;
			productType = "com.apple.product-type.application";
		};
		04474A0C23E984C80018FD18 /* DemoKeyboardTests */ = {
			isa = PBXNativeTarget;
			buildConfigurationList = 04474A2423E984C80018FD18 /* Build configuration list for PBXNativeTarget "DemoKeyboardTests" */;
			buildPhases = (
				04474A0923E984C80018FD18 /* Sources */,
				04474A0A23E984C80018FD18 /* Frameworks */,
				04474A0B23E984C80018FD18 /* Resources */,
			);
			buildRules = (
			);
			dependencies = (
				04474A0F23E984C80018FD18 /* PBXTargetDependency */,
			);
			name = DemoKeyboardTests;
			productName = DemoKeyboardTests;
			productReference = 04474A0D23E984C80018FD18 /* DemoKeyboardTests.xctest */;
			productType = "com.apple.product-type.bundle.unit-test";
		};
		04474A1723E984C80018FD18 /* DemoKeyboardUITests */ = {
			isa = PBXNativeTarget;
			buildConfigurationList = 04474A2723E984C80018FD18 /* Build configuration list for PBXNativeTarget "DemoKeyboardUITests" */;
			buildPhases = (
				04474A1423E984C80018FD18 /* Sources */,
				04474A1523E984C80018FD18 /* Frameworks */,
				04474A1623E984C80018FD18 /* Resources */,
			);
			buildRules = (
			);
			dependencies = (
				04474A1A23E984C80018FD18 /* PBXTargetDependency */,
			);
			name = DemoKeyboardUITests;
			productName = DemoKeyboardUITests;
			productReference = 04474A1823E984C80018FD18 /* DemoKeyboardUITests.xctest */;
			productType = "com.apple.product-type.bundle.ui-testing";
		};
/* End PBXNativeTarget section */

/* Begin PBXProject section */
		044749EF23E984C60018FD18 /* Project object */ = {
			isa = PBXProject;
			attributes = {
				LastSwiftUpdateCheck = 1130;
				LastUpgradeCheck = 1130;
				ORGANIZATIONNAME = Quynh;
				TargetAttributes = {
					044749F623E984C60018FD18 = {
						CreatedOnToolsVersion = 11.3.1;
					};
					04474A0C23E984C80018FD18 = {
						CreatedOnToolsVersion = 11.3.1;
						TestTargetID = 044749F623E984C60018FD18;
					};
					04474A1723E984C80018FD18 = {
						CreatedOnToolsVersion = 11.3.1;
						TestTargetID = 044749F623E984C60018FD18;
					};
				};
			};
			buildConfigurationList = 044749F223E984C60018FD18 /* Build configuration list for PBXProject "DemoKeyboard" */;
			compatibilityVersion = "Xcode 9.3";
			developmentRegion = en;
			hasScannedForEncodings = 0;
			knownRegions = (
				en,
				Base,
			);
			mainGroup = 044749EE23E984C60018FD18;
			productRefGroup = 044749F823E984C60018FD18 /* Products */;
			projectDirPath = "";
			projectRoot = "";
			targets = (
				044749F623E984C60018FD18 /* DemoKeyboard */,
				04474A0C23E984C80018FD18 /* DemoKeyboardTests */,
				04474A1723E984C80018FD18 /* DemoKeyboardUITests */,
			);
		};
/* End PBXProject section */

/* Begin PBXResourcesBuildPhase section */
		044749F523E984C60018FD18 /* Resources */ = {
			isa = PBXResourcesBuildPhase;
			buildActionMask = 2147483647;
			files = (
				04474A0723E984C70018FD18 /* LaunchScreen.storyboard in Resources */,
				04474A0423E984C70018FD18 /* Assets.xcassets in Resources */,
				04474A0223E984C60018FD18 /* Main.storyboard in Resources */,
			);
			runOnlyForDeploymentPostprocessing = 0;
		};
		04474A0B23E984C80018FD18 /* Resources */ = {
			isa = PBXResourcesBuildPhase;
			buildActionMask = 2147483647;
			files = (
			);
			runOnlyForDeploymentPostprocessing = 0;
		};
		04474A1623E984C80018FD18 /* Resources */ = {
			isa = PBXResourcesBuildPhase;
			buildActionMask = 2147483647;
			files = (
			);
			runOnlyForDeploymentPostprocessing = 0;
		};
/* End PBXResourcesBuildPhase section */

/* Begin PBXSourcesBuildPhase section */
		044749F323E984C60018FD18 /* Sources */ = {
			isa = PBXSourcesBuildPhase;
			buildActionMask = 2147483647;
			files = (
				044749FF23E984C60018FD18 /* ViewController.swift in Sources */,
				044749FB23E984C60018FD18 /* AppDelegate.swift in Sources */,
				044749FD23E984C60018FD18 /* SceneDelegate.swift in Sources */,
				04474A2B23E99FBB0018FD18 /* TPKeyboardAvoidingSwift.swift in Sources */,
			);
			runOnlyForDeploymentPostprocessing = 0;
		};
		04474A0923E984C80018FD18 /* Sources */ = {
			isa = PBXSourcesBuildPhase;
			buildActionMask = 2147483647;
			files = (
				04474A1223E984C80018FD18 /* DemoKeyboardTests.swift in Sources */,
			);
			runOnlyForDeploymentPostprocessing = 0;
		};
		04474A1423E984C80018FD18 /* Sources */ = {
			isa = PBXSourcesBuildPhase;
			buildActionMask = 2147483647;
			files = (
				04474A1D23E984C80018FD18 /* DemoKeyboardUITests.swift in Sources */,
			);
			runOnlyForDeploymentPostprocessing = 0;
		};
/* End PBXSourcesBuildPhase section */

/* Begin PBXTargetDependency section */
		04474A0F23E984C80018FD18 /* PBXTargetDependency */ = {
			isa = PBXTargetDependency;
			target = 044749F623E984C60018FD18 /* DemoKeyboard */;
			targetProxy = 04474A0E23E984C80018FD18 /* PBXContainerItemProxy */;
		};
		04474A1A23E984C80018FD18 /* PBXTargetDependency */ = {
			isa = PBXTargetDependency;
			target = 044749F623E984C60018FD18 /* DemoKeyboard */;
			targetProxy = 04474A1923E984C80018FD18 /* PBXContainerItemProxy */;
		};
/* End PBXTargetDependency section */

/* Begin PBXVariantGroup section */
		04474A0023E984C60018FD18 /* Main.storyboard */ = {
			isa = PBXVariantGroup;
			children = (
				04474A0123E984C60018FD18 /* Base */,
			);
			name = Main.storyboard;
			sourceTree = "<group>";
		};
		04474A0523E984C70018FD18 /* LaunchScreen.storyboard */ = {
			isa = PBXVariantGroup;
			children = (
				04474A0623E984C70018FD18 /* Base */,
			);
			name = LaunchScreen.storyboard;
			sourceTree = "<group>";
		};
/* End PBXVariantGroup section */

/* Begin XCBuildConfiguration section */
		04474A1F23E984C80018FD18 /* Debug */ = {
			isa = XCBuildConfiguration;
			buildSettings = {
				ALWAYS_SEARCH_USER_PATHS = NO;
				CLANG_ANALYZER_NONNULL = YES;
				CLANG_ANALYZER_NUMBER_OBJECT_CONVERSION = YES_AGGRESSIVE;
				CLANG_CXX_LANGUAGE_STANDARD = "gnu++14";
				CLANG_CXX_LIBRARY = "libc++";
				CLANG_ENABLE_MODULES = YES;
				CLANG_ENABLE_OBJC_ARC = YES;
				CLANG_ENABLE_OBJC_WEAK = YES;
				CLANG_WARN_BLOCK_CAPTURE_AUTORELEASING = YES;
				CLANG_WARN_BOOL_CONVERSION = YES;
				CLANG_WARN_COMMA = YES;
				CLANG_WARN_CONSTANT_CONVERSION = YES;
				CLANG_WARN_DEPRECATED_OBJC_IMPLEMENTATIONS = YES;
				CLANG_WARN_DIRECT_OBJC_ISA_USAGE = YES_ERROR;
				CLANG_WARN_DOCUMENTATION_COMMENTS = YES;
				CLANG_WARN_EMPTY_BODY = YES;
				CLANG_WARN_ENUM_CONVERSION = YES;
				CLANG_WARN_INFINITE_RECURSION = YES;
				CLANG_WARN_INT_CONVERSION = YES;
				CLANG_WARN_NON_LITERAL_NULL_CONVERSION = YES;
				CLANG_WARN_OBJC_IMPLICIT_RETAIN_SELF = YES;
				CLANG_WARN_OBJC_LITERAL_CONVERSION = YES;
				CLANG_WARN_OBJC_ROOT_CLASS = YES_ERROR;
				CLANG_WARN_RANGE_LOOP_ANALYSIS = YES;
				CLANG_WARN_STRICT_PROTOTYPES = YES;
				CLANG_WARN_SUSPICIOUS_MOVE = YES;
				CLANG_WARN_UNGUARDED_AVAILABILITY = YES_AGGRESSIVE;
				CLANG_WARN_UNREACHABLE_CODE = YES;
				CLANG_WARN__DUPLICATE_METHOD_MATCH = YES;
				COPY_PHASE_STRIP = NO;
				DEBUG_INFORMATION_FORMAT = dwarf;
				ENABLE_STRICT_OBJC_MSGSEND = YES;
				ENABLE_TESTABILITY = YES;
				GCC_C_LANGUAGE_STANDARD = gnu11;
				GCC_DYNAMIC_NO_PIC = NO;
				GCC_NO_COMMON_BLOCKS = YES;
				GCC_OPTIMIZATION_LEVEL = 0;
				GCC_PREPROCESSOR_DEFINITIONS = (
					"DEBUG=1",
					"$(inherited)",
				);
				GCC_WARN_64_TO_32_BIT_CONVERSION = YES;
				GCC_WARN_ABOUT_RETURN_TYPE = YES_ERROR;
				GCC_WARN_UNDECLARED_SELECTOR = YES;
				GCC_WARN_UNINITIALIZED_AUTOS = YES_AGGRESSIVE;
				GCC_WARN_UNUSED_FUNCTION = YES;
				GCC_WARN_UNUSED_VARIABLE = YES;
				IPHONEOS_DEPLOYMENT_TARGET = 13.2;
				MTL_ENABLE_DEBUG_INFO = INCLUDE_SOURCE;
				MTL_FAST_MATH = YES;
				ONLY_ACTIVE_ARCH = YES;
				SDKROOT = iphoneos;
				SWIFT_ACTIVE_COMPILATION_CONDITIONS = DEBUG;
				SWIFT_OPTIMIZATION_LEVEL = "-Onone";
			};
			name = Debug;
		};
		04474A2023E984C80018FD18 /* Release */ = {
			isa = XCBuildConfiguration;
			buildSettings = {
				ALWAYS_SEARCH_USER_PATHS = NO;
				CLANG_ANALYZER_NONNULL = YES;
				CLANG_ANALYZER_NUMBER_OBJECT_CONVERSION = YES_AGGRESSIVE;
				CLANG_CXX_LANGUAGE_STANDARD = "gnu++14";
				CLANG_CXX_LIBRARY = "libc++";
				CLANG_ENABLE_MODULES = YES;
				CLANG_ENABLE_OBJC_ARC = YES;
				CLANG_ENABLE_OBJC_WEAK = YES;
				CLANG_WARN_BLOCK_CAPTURE_AUTORELEASING = YES;
				CLANG_WARN_BOOL_CONVERSION = YES;
				CLANG_WARN_COMMA = YES;
				CLANG_WARN_CONSTANT_CONVERSION = YES;
				CLANG_WARN_DEPRECATED_OBJC_IMPLEMENTATIONS = YES;
				CLANG_WARN_DIRECT_OBJC_ISA_USAGE = YES_ERROR;
				CLANG_WARN_DOCUMENTATION_COMMENTS = YES;
				CLANG_WARN_EMPTY_BODY = YES;
				CLANG_WARN_ENUM_CONVERSION = YES;
				CLANG_WARN_INFINITE_RECURSION = YES;
				CLANG_WARN_INT_CONVERSION = YES;
				CLANG_WARN_NON_LITERAL_NULL_CONVERSION = YES;
				CLANG_WARN_OBJC_IMPLICIT_RETAIN_SELF = YES;
				CLANG_WARN_OBJC_LITERAL_CONVERSION = YES;
				CLANG_WARN_OBJC_ROOT_CLASS = YES_ERROR;
				CLANG_WARN_RANGE_LOOP_ANALYSIS = YES;
				CLANG_WARN_STRICT_PROTOTYPES = YES;
				CLANG_WARN_SUSPICIOUS_MOVE = YES;
				CLANG_WARN_UNGUARDED_AVAILABILITY = YES_AGGRESSIVE;
				CLANG_WARN_UNREACHABLE_CODE = YES;
				CLANG_WARN__DUPLICATE_METHOD_MATCH = YES;
				COPY_PHASE_STRIP = NO;
				DEBUG_INFORMATION_FORMAT = "dwarf-with-dsym";
				ENABLE_NS_ASSERTIONS = NO;
				ENABLE_STRICT_OBJC_MSGSEND = YES;
				GCC_C_LANGUAGE_STANDARD = gnu11;
				GCC_NO_COMMON_BLOCKS = YES;
				GCC_WARN_64_TO_32_BIT_CONVERSION = YES;
				GCC_WARN_ABOUT_RETURN_TYPE = YES_ERROR;
				GCC_WARN_UNDECLARED_SELECTOR = YES;
				GCC_WARN_UNINITIALIZED_AUTOS = YES_AGGRESSIVE;
				GCC_WARN_UNUSED_FUNCTION = YES;
				GCC_WARN_UNUSED_VARIABLE = YES;
				IPHONEOS_DEPLOYMENT_TARGET = 13.2;
				MTL_ENABLE_DEBUG_INFO = NO;
				MTL_FAST_MATH = YES;
				SDKROOT = iphoneos;
				SWIFT_COMPILATION_MODE = wholemodule;
				SWIFT_OPTIMIZATION_LEVEL = "-O";
				VALIDATE_PRODUCT = YES;
			};
			name = Release;
		};
		04474A2223E984C80018FD18 /* Debug */ = {
			isa = XCBuildConfiguration;
			buildSettings = {
				ASSETCATALOG_COMPILER_APPICON_NAME = AppIcon;
				CODE_SIGN_STYLE = Automatic;
				INFOPLIST_FILE = DemoKeyboard/Info.plist;
				LD_RUNPATH_SEARCH_PATHS = (
					"$(inherited)",
					"@executable_path/Frameworks",
				);
				PRODUCT_BUNDLE_IDENTIFIER = com.taoquynh.DemoKeyboard;
				PRODUCT_NAME = "$(TARGET_NAME)";
				SWIFT_VERSION = 4.0;
				TARGETED_DEVICE_FAMILY = "1,2";
			};
			name = Debug;
		};
		04474A2323E984C80018FD18 /* Release */ = {
			isa = XCBuildConfiguration;
			buildSettings = {
				ASSETCATALOG_COMPILER_APPICON_NAME = AppIcon;
				CODE_SIGN_STYLE = Automatic;
				INFOPLIST_FILE = DemoKeyboard/Info.plist;
				LD_RUNPATH_SEARCH_PATHS = (
					"$(inherited)",
					"@executable_path/Frameworks",
				);
				PRODUCT_BUNDLE_IDENTIFIER = com.taoquynh.DemoKeyboard;
				PRODUCT_NAME = "$(TARGET_NAME)";
				SWIFT_VERSION = 4.0;
				TARGETED_DEVICE_FAMILY = "1,2";
			};
			name = Release;
		};
		04474A2523E984C80018FD18 /* Debug */ = {
			isa = XCBuildConfiguration;
			buildSettings = {
				ALWAYS_EMBED_SWIFT_STANDARD_LIBRARIES = YES;
				BUNDLE_LOADER = "$(TEST_HOST)";
				CODE_SIGN_STYLE = Automatic;
				INFOPLIST_FILE = DemoKeyboardTests/Info.plist;
				IPHONEOS_DEPLOYMENT_TARGET = 13.2;
				LD_RUNPATH_SEARCH_PATHS = (
					"$(inherited)",
					"@executable_path/Frameworks",
					"@loader_path/Frameworks",
				);
				PRODUCT_BUNDLE_IDENTIFIER = com.taoquynh.DemoKeyboardTests;
				PRODUCT_NAME = "$(TARGET_NAME)";
				SWIFT_VERSION = 5.0;
				TARGETED_DEVICE_FAMILY = "1,2";
				TEST_HOST = "$(BUILT_PRODUCTS_DIR)/DemoKeyboard.app/DemoKeyboard";
			};
			name = Debug;
		};
		04474A2623E984C80018FD18 /* Release */ = {
			isa = XCBuildConfiguration;
			buildSettings = {
				ALWAYS_EMBED_SWIFT_STANDARD_LIBRARIES = YES;
				BUNDLE_LOADER = "$(TEST_HOST)";
				CODE_SIGN_STYLE = Automatic;
				INFOPLIST_FILE = DemoKeyboardTests/Info.plist;
				IPHONEOS_DEPLOYMENT_TARGET = 13.2;
				LD_RUNPATH_SEARCH_PATHS = (
					"$(inherited)",
					"@executable_path/Frameworks",
					"@loader_path/Frameworks",
				);
				PRODUCT_BUNDLE_IDENTIFIER = com.taoquynh.DemoKeyboardTests;
				PRODUCT_NAME = "$(TARGET_NAME)";
				SWIFT_VERSION = 5.0;
				TARGETED_DEVICE_FAMILY = "1,2";
				TEST_HOST = "$(BUILT_PRODUCTS_DIR)/DemoKeyboard.app/DemoKeyboard";
			};
			name = Release;
		};
		04474A2823E984C80018FD18 /* Debug */ = {
			isa = XCBuildConfiguration;
			buildSettings = {
				ALWAYS_EMBED_SWIFT_STANDARD_LIBRARIES = YES;
				CODE_SIGN_STYLE = Automatic;
				INFOPLIST_FILE = DemoKeyboardUITests/Info.plist;
				LD_RUNPATH_SEARCH_PATHS = (
					"$(inherited)",
					"@executable_path/Frameworks",
					"@loader_path/Frameworks",
				);
				PRODUCT_BUNDLE_IDENTIFIER = com.taoquynh.DemoKeyboardUITests;
				PRODUCT_NAME = "$(TARGET_NAME)";
				SWIFT_VERSION = 5.0;
				TARGETED_DEVICE_FAMILY = "1,2";
				TEST_TARGET_NAME = DemoKeyboard;
			};
			name = Debug;
		};
		04474A2923E984C80018FD18 /* Release */ = {
			isa = XCBuildConfiguration;
			buildSettings = {
				ALWAYS_EMBED_SWIFT_STANDARD_LIBRARIES = YES;
				CODE_SIGN_STYLE = Automatic;
				INFOPLIST_FILE = DemoKeyboardUITests/Info.plist;
				LD_RUNPATH_SEARCH_PATHS = (
					"$(inherited)",
					"@executable_path/Frameworks",
					"@loader_path/Frameworks",
				);
				PRODUCT_BUNDLE_IDENTIFIER = com.taoquynh.DemoKeyboardUITests;
				PRODUCT_NAME = "$(TARGET_NAME)";
				SWIFT_VERSION = 5.0;
				TARGETED_DEVICE_FAMILY = "1,2";
				TEST_TARGET_NAME = DemoKeyboard;
			};
			name = Release;
		};
/* End XCBuildConfiguration section */

/* Begin XCConfigurationList section */
		044749F223E984C60018FD18 /* Build configuration list for PBXProject "DemoKeyboard" */ = {
			isa = XCConfigurationList;
			buildConfigurations = (
				04474A1F23E984C80018FD18 /* Debug */,
				04474A2023E984C80018FD18 /* Release */,
			);
			defaultConfigurationIsVisible = 0;
			defaultConfigurationName = Release;
		};
		04474A2123E984C80018FD18 /* Build configuration list for PBXNativeTarget "DemoKeyboard" */ = {
			isa = XCConfigurationList;
			buildConfigurations = (
				04474A2223E984C80018FD18 /* Debug */,
				04474A2323E984C80018FD18 /* Release */,
			);
			defaultConfigurationIsVisible = 0;
			defaultConfigurationName = Release;
		};
		04474A2423E984C80018FD18 /* Build configuration list for PBXNativeTarget "DemoKeyboardTests" */ = {
			isa = XCConfigurationList;
			buildConfigurations = (
				04474A2523E984C80018FD18 /* Debug */,
				04474A2623E984C80018FD18 /* Release */,
			);
			defaultConfigurationIsVisible = 0;
			defaultConfigurationName = Release;
		};
		04474A2723E984C80018FD18 /* Build configuration list for PBXNativeTarget "DemoKeyboardUITests" */ = {
			isa = XCConfigurationList;
			buildConfigurations = (
				04474A2823E984C80018FD18 /* Debug */,
				04474A2923E984C80018FD18 /* Release */,
			);
			defaultConfigurationIsVisible = 0;
			defaultConfigurationName = Release;
		};
/* End XCConfigurationList section */
	};
	rootObject = 044749EF23E984C60018FD18 /* Project object */;
}
