// !$*UTF8*$!
{
	archiveVersion = 1;
	classes = {
	};
	objectVersion = 50;
	objects = {

/* Begin PBXBuildFile section */
		04B84300242A423100B6A7B3 /* AppDelegate.swift in Sources */ = {isa = PBXBuildFile; fileRef = 04B842FF242A423100B6A7B3 /* AppDelegate.swift */; };
		04B84302242A423100B6A7B3 /* SceneDelegate.swift in Sources */ = {isa = PBXBuildFile; fileRef = 04B84301242A423100B6A7B3 /* SceneDelegate.swift */; };
		04B84304242A423100B6A7B3 /* ViewController.swift in Sources */ = {isa = PBXBuildFile; fileRef = 04B84303242A423100B6A7B3 /* ViewController.swift */; };
		04B84307242A423100B6A7B3 /* Main.storyboard in Resources */ = {isa = PBXBuildFile; fileRef = 04B84305242A423100B6A7B3 /* Main.storyboard */; };
		04B84309242A423200B6A7B3 /* Assets.xcassets in Resources */ = {isa = PBXBuildFile; fileRef = 04B84308242A423200B6A7B3 /* Assets.xcassets */; };
		04B8430C242A423200B6A7B3 /* LaunchScreen.storyboard in Resources */ = {isa = PBXBuildFile; fileRef = 04B8430A242A423200B6A7B3 /* LaunchScreen.storyboard */; };
		431E38546006D046CFF739A4 /* Pods_RealmPractice.framework in Frameworks */ = {isa = PBXBuildFile; fileRef = A840610C186911BCA1718CCF /* Pods_RealmPractice.framework */; };
/* End PBXBuildFile section */

/* Begin PBXFileReference section */
		04B842FC242A423100B6A7B3 /* RealmPractice.app */ = {isa = PBXFileReference; explicitFileType = wrapper.application; includeInIndex = 0; path = RealmPractice.app; sourceTree = BUILT_PRODUCTS_DIR; };
		04B842FF242A423100B6A7B3 /* AppDelegate.swift */ = {isa = PBXFileReference; lastKnownFileType = sourcecode.swift; path = AppDelegate.swift; sourceTree = "<group>"; };
		04B84301242A423100B6A7B3 /* SceneDelegate.swift */ = {isa = PBXFileReference; lastKnownFileType = sourcecode.swift; path = SceneDelegate.swift; sourceTree = "<group>"; };
		04B84303242A423100B6A7B3 /* ViewController.swift */ = {isa = PBXFileReference; lastKnownFileType = sourcecode.swift; path = ViewController.swift; sourceTree = "<group>"; };
		04B84306242A423100B6A7B3 /* Base */ = {isa = PBXFileReference; lastKnownFileType = file.storyboard; name = Base; path = Base.lproj/Main.storyboard; sourceTree = "<group>"; };
		04B84308242A423200B6A7B3 /* Assets.xcassets */ = {isa = PBXFileReference; lastKnownFileType = folder.assetcatalog; path = Assets.xcassets; sourceTree = "<group>"; };
		04B8430B242A423200B6A7B3 /* Base */ = {isa = PBXFileReference; lastKnownFileType = file.storyboard; name = Base; path = Base.lproj/LaunchScreen.storyboard; sourceTree = "<group>"; };
		04B8430D242A423200B6A7B3 /* Info.plist */ = {isa = PBXFileReference; lastKnownFileType = text.plist.xml; path = Info.plist; sourceTree = "<group>"; };
		1409EA5F8BE2B007C36DD103 /* Pods-RealmPractice.release.xcconfig */ = {isa = PBXFileReference; includeInIndex = 1; lastKnownFileType = text.xcconfig; name = "Pods-RealmPractice.release.xcconfig"; path = "Target Support Files/Pods-RealmPractice/Pods-RealmPractice.release.xcconfig"; sourceTree = "<group>"; };
		A840610C186911BCA1718CCF /* Pods_RealmPractice.framework */ = {isa = PBXFileReference; explicitFileType = wrapper.framework; includeInIndex = 0; path = Pods_RealmPractice.framework; sourceTree = BUILT_PRODUCTS_DIR; };
		DFDD4C763E81646E66BB9410 /* Pods-RealmPractice.debug.xcconfig */ = {isa = PBXFileReference; includeInIndex = 1; lastKnownFileType = text.xcconfig; name = "Pods-RealmPractice.debug.xcconfig"; path = "Target Support Files/Pods-RealmPractice/Pods-RealmPractice.debug.xcconfig"; sourceTree = "<group>"; };
/* End PBXFileReference section */

/* Begin PBXFrameworksBuildPhase section */
		04B842F9242A423100B6A7B3 /* Frameworks */ = {
			isa = PBXFrameworksBuildPhase;
			buildActionMask = 2147483647;
			files = (
				431E38546006D046CFF739A4 /* Pods_RealmPractice.framework in Frameworks */,
			);
			runOnlyForDeploymentPostprocessing = 0;
		};
/* End PBXFrameworksBuildPhase section */

/* Begin PBXGroup section */
		04B842F3242A423100B6A7B3 = {
			isa = PBXGroup;
			children = (
				04B842FE242A423100B6A7B3 /* RealmPractice */,
				04B842FD242A423100B6A7B3 /* Products */,
				98CEA4F0AC3CC3DB8C826E70 /* Pods */,
				2B3871535445E7EBA3FB02F3 /* Frameworks */,
			);
			sourceTree = "<group>";
		};
		04B842FD242A423100B6A7B3 /* Products */ = {
			isa = PBXGroup;
			children = (
				04B842FC242A423100B6A7B3 /* RealmPractice.app */,
			);
			name = Products;
			sourceTree = "<group>";
		};
		04B842FE242A423100B6A7B3 /* RealmPractice */ = {
			isa = PBXGroup;
			children = (
				04B842FF242A423100B6A7B3 /* AppDelegate.swift */,
				04B84301242A423100B6A7B3 /* SceneDelegate.swift */,
				04B84303242A423100B6A7B3 /* ViewController.swift */,
				04B84305242A423100B6A7B3 /* Main.storyboard */,
				04B84308242A423200B6A7B3 /* Assets.xcassets */,
				04B8430A242A423200B6A7B3 /* LaunchScreen.storyboard */,
				04B8430D242A423200B6A7B3 /* Info.plist */,
			);
			path = RealmPractice;
			sourceTree = "<group>";
		};
		2B3871535445E7EBA3FB02F3 /* Frameworks */ = {
			isa = PBXGroup;
			children = (
				A840610C186911BCA1718CCF /* Pods_RealmPractice.framework */,
			);
			name = Frameworks;
			sourceTree = "<group>";
		};
		98CEA4F0AC3CC3DB8C826E70 /* Pods */ = {
			isa = PBXGroup;
			children = (
				DFDD4C763E81646E66BB9410 /* Pods-RealmPractice.debug.xcconfig */,
				1409EA5F8BE2B007C36DD103 /* Pods-RealmPractice.release.xcconfig */,
			);
			name = Pods;
			path = Pods;
			sourceTree = "<group>";
		};
/* End PBXGroup section */

/* Begin PBXNativeTarget section */
		04B842FB242A423100B6A7B3 /* RealmPractice */ = {
			isa = PBXNativeTarget;
			buildConfigurationList = 04B84310242A423200B6A7B3 /* Build configuration list for PBXNativeTarget "RealmPractice" */;
			buildPhases = (
				03778314608103D3BE6EEF9B /* [CP] Check Pods Manifest.lock */,
				04B842F8242A423100B6A7B3 /* Sources */,
				04B842F9242A423100B6A7B3 /* Frameworks */,
				04B842FA242A423100B6A7B3 /* Resources */,
				EFFC48732940192EFAE0C3F8 /* [CP] Embed Pods Frameworks */,
			);
			buildRules = (
			);
			dependencies = (
			);
			name = RealmPractice;
			productName = RealmPractice;
			productReference = 04B842FC242A423100B6A7B3 /* RealmPractice.app */;
			productType = "com.apple.product-type.application";
		};
/* End PBXNativeTarget section */

/* Begin PBXProject section */
		04B842F4242A423100B6A7B3 /* Project object */ = {
			isa = PBXProject;
			attributes = {
				LastSwiftUpdateCheck = 1130;
				LastUpgradeCheck = 1130;
				ORGANIZATIONNAME = Quynh;
				TargetAttributes = {
					04B842FB242A423100B6A7B3 = {
						CreatedOnToolsVersion = 11.3.1;
					};
				};
			};
			buildConfigurationList = 04B842F7242A423100B6A7B3 /* Build configuration list for PBXProject "RealmPractice" */;
			compatibilityVersion = "Xcode 9.3";
			developmentRegion = en;
			hasScannedForEncodings = 0;
			knownRegions = (
				en,
				Base,
			);
			mainGroup = 04B842F3242A423100B6A7B3;
			productRefGroup = 04B842FD242A423100B6A7B3 /* Products */;
			projectDirPath = "";
			projectRoot = "";
			targets = (
				04B842FB242A423100B6A7B3 /* RealmPractice */,
			);
		};
/* End PBXProject section */

/* Begin PBXResourcesBuildPhase section */
		04B842FA242A423100B6A7B3 /* Resources */ = {
			isa = PBXResourcesBuildPhase;
			buildActionMask = 2147483647;
			files = (
				04B8430C242A423200B6A7B3 /* LaunchScreen.storyboard in Resources */,
				04B84309242A423200B6A7B3 /* Assets.xcassets in Resources */,
				04B84307242A423100B6A7B3 /* Main.storyboard in Resources */,
			);
			runOnlyForDeploymentPostprocessing = 0;
		};
/* End PBXResourcesBuildPhase section */

/* Begin PBXShellScriptBuildPhase section */
		03778314608103D3BE6EEF9B /* [CP] Check Pods Manifest.lock */ = {
			isa = PBXShellScriptBuildPhase;
			buildActionMask = 2147483647;
			files = (
			);
			inputFileListPaths = (
			);
			inputPaths = (
				"${PODS_PODFILE_DIR_PATH}/Podfile.lock",
				"${PODS_ROOT}/Manifest.lock",
			);
			name = "[CP] Check Pods Manifest.lock";
			outputFileListPaths = (
			);
			outputPaths = (
				"$(DERIVED_FILE_DIR)/Pods-RealmPractice-checkManifestLockResult.txt",
			);
			runOnlyForDeploymentPostprocessing = 0;
			shellPath = /bin/sh;
			shellScript = "diff \"${PODS_PODFILE_DIR_PATH}/Podfile.lock\" \"${PODS_ROOT}/Manifest.lock\" > /dev/null\nif [ $? != 0 ] ; then\n    # print error to STDERR\n    echo \"error: The sandbox is not in sync with the Podfile.lock. Run 'pod install' or update your CocoaPods installation.\" >&2\n    exit 1\nfi\n# This output is used by Xcode 'outputs' to avoid re-running this script phase.\necho \"SUCCESS\" > \"${SCRIPT_OUTPUT_FILE_0}\"\n";
			showEnvVarsInLog = 0;
		};
		EFFC48732940192EFAE0C3F8 /* [CP] Embed Pods Frameworks */ = {
			isa = PBXShellScriptBuildPhase;
			buildActionMask = 2147483647;
			files = (
			);
			inputFileListPaths = (
				"${PODS_ROOT}/Target Support Files/Pods-RealmPractice/Pods-RealmPractice-frameworks-${CONFIGURATION}-input-files.xcfilelist",
			);
			name = "[CP] Embed Pods Frameworks";
			outputFileListPaths = (
				"${PODS_ROOT}/Target Support Files/Pods-RealmPractice/Pods-RealmPractice-frameworks-${CONFIGURATION}-output-files.xcfilelist",
			);
			runOnlyForDeploymentPostprocessing = 0;
			shellPath = /bin/sh;
			shellScript = "\"${PODS_ROOT}/Target Support Files/Pods-RealmPractice/Pods-RealmPractice-frameworks.sh\"\n";
			showEnvVarsInLog = 0;
		};
/* End PBXShellScriptBuildPhase section */

/* Begin PBXSourcesBuildPhase section */
		04B842F8242A423100B6A7B3 /* Sources */ = {
			isa = PBXSourcesBuildPhase;
			buildActionMask = 2147483647;
			files = (
				04B84304242A423100B6A7B3 /* ViewController.swift in Sources */,
				04B84300242A423100B6A7B3 /* AppDelegate.swift in Sources */,
				04B84302242A423100B6A7B3 /* SceneDelegate.swift in Sources */,
			);
			runOnlyForDeploymentPostprocessing = 0;
		};
/* End PBXSourcesBuildPhase section */

/* Begin PBXVariantGroup section */
		04B84305242A423100B6A7B3 /* Main.storyboard */ = {
			isa = PBXVariantGroup;
			children = (
				04B84306242A423100B6A7B3 /* Base */,
			);
			name = Main.storyboard;
			sourceTree = "<group>";
		};
		04B8430A242A423200B6A7B3 /* LaunchScreen.storyboard */ = {
			isa = PBXVariantGroup;
			children = (
				04B8430B242A423200B6A7B3 /* Base */,
			);
			name = LaunchScreen.storyboard;
			sourceTree = "<group>";
		};
/* End PBXVariantGroup section */

/* Begin XCBuildConfiguration section */
		04B8430E242A423200B6A7B3 /* Debug */ = {
			isa = XCBuildConfiguration;
			buildSettings = {
				ALWAYS_SEARCH_USER_PATHS = NO;
				CLANG_ANALYZER_NONNULL = YES;
				CLANG_ANALYZER_NUMBER_OBJECT_CONVERSION = YES_AGGRESSIVE;
				CLANG_CXX_LANGUAGE_STANDARD = "gnu++14";
				CLANG_CXX_LIBRARY = "libc++";
				CLANG_ENABLE_MODULES = YES;
				CLANG_ENABLE_OBJC_ARC = YES;
				CLANG_ENABLE_OBJC_WEAK = YES;
				CLANG_WARN_BLOCK_CAPTURE_AUTORELEASING = YES;
				CLANG_WARN_BOOL_CONVERSION = YES;
				CLANG_WARN_COMMA = YES;
				CLANG_WARN_CONSTANT_CONVERSION = YES;
				CLANG_WARN_DEPRECATED_OBJC_IMPLEMENTATIONS = YES;
				CLANG_WARN_DIRECT_OBJC_ISA_USAGE = YES_ERROR;
				CLANG_WARN_DOCUMENTATION_COMMENTS = YES;
				CLANG_WARN_EMPTY_BODY = YES;
				CLANG_WARN_ENUM_CONVERSION = YES;
				CLANG_WARN_INFINITE_RECURSION = YES;
				CLANG_WARN_INT_CONVERSION = YES;
				CLANG_WARN_NON_LITERAL_NULL_CONVERSION = YES;
				CLANG_WARN_OBJC_IMPLICIT_RETAIN_SELF = YES;
				CLANG_WARN_OBJC_LITERAL_CONVERSION = YES;
				CLANG_WARN_OBJC_ROOT_CLASS = YES_ERROR;
				CLANG_WARN_RANGE_LOOP_ANALYSIS = YES;
				CLANG_WARN_STRICT_PROTOTYPES = YES;
				CLANG_WARN_SUSPICIOUS_MOVE = YES;
				CLANG_WARN_UNGUARDED_AVAILABILITY = YES_AGGRESSIVE;
				CLANG_WARN_UNREACHABLE_CODE = YES;
				CLANG_WARN__DUPLICATE_METHOD_MATCH = YES;
				COPY_PHASE_STRIP = NO;
				DEBUG_INFORMATION_FORMAT = dwarf;
				ENABLE_STRICT_OBJC_MSGSEND = YES;
				ENABLE_TESTABILITY = YES;
				GCC_C_LANGUAGE_STANDARD = gnu11;
				GCC_DYNAMIC_NO_PIC = NO;
				GCC_NO_COMMON_BLOCKS = YES;
				GCC_OPTIMIZATION_LEVEL = 0;
				GCC_PREPROCESSOR_DEFINITIONS = (
					"DEBUG=1",
					"$(inherited)",
				);
				GCC_WARN_64_TO_32_BIT_CONVERSION = YES;
				GCC_WARN_ABOUT_RETURN_TYPE = YES_ERROR;
				GCC_WARN_UNDECLARED_SELECTOR = YES;
				GCC_WARN_UNINITIALIZED_AUTOS = YES_AGGRESSIVE;
				GCC_WARN_UNUSED_FUNCTION = YES;
				GCC_WARN_UNUSED_VARIABLE = YES;
				IPHONEOS_DEPLOYMENT_TARGET = 13.2;
				MTL_ENABLE_DEBUG_INFO = INCLUDE_SOURCE;
				MTL_FAST_MATH = YES;
				ONLY_ACTIVE_ARCH = YES;
				SDKROOT = iphoneos;
				SWIFT_ACTIVE_COMPILATION_CONDITIONS = DEBUG;
				SWIFT_OPTIMIZATION_LEVEL = "-Onone";
			};
			name = Debug;
		};
		04B8430F242A423200B6A7B3 /* Release */ = {
			isa = XCBuildConfiguration;
			buildSettings = {
				ALWAYS_SEARCH_USER_PATHS = NO;
				CLANG_ANALYZER_NONNULL = YES;
				CLANG_ANALYZER_NUMBER_OBJECT_CONVERSION = YES_AGGRESSIVE;
				CLANG_CXX_LANGUAGE_STANDARD = "gnu++14";
				CLANG_CXX_LIBRARY = "libc++";
				CLANG_ENABLE_MODULES = YES;
				CLANG_ENABLE_OBJC_ARC = YES;
				CLANG_ENABLE_OBJC_WEAK = YES;
				CLANG_WARN_BLOCK_CAPTURE_AUTORELEASING = YES;
				CLANG_WARN_BOOL_CONVERSION = YES;
				CLANG_WARN_COMMA = YES;
				CLANG_WARN_CONSTANT_CONVERSION = YES;
				CLANG_WARN_DEPRECATED_OBJC_IMPLEMENTATIONS = YES;
				CLANG_WARN_DIRECT_OBJC_ISA_USAGE = YES_ERROR;
				CLANG_WARN_DOCUMENTATION_COMMENTS = YES;
				CLANG_WARN_EMPTY_BODY = YES;
				CLANG_WARN_ENUM_CONVERSION = YES;
				CLANG_WARN_INFINITE_RECURSION = YES;
				CLANG_WARN_INT_CONVERSION = YES;
				CLANG_WARN_NON_LITERAL_NULL_CONVERSION = YES;
				CLANG_WARN_OBJC_IMPLICIT_RETAIN_SELF = YES;
				CLANG_WARN_OBJC_LITERAL_CONVERSION = YES;
				CLANG_WARN_OBJC_ROOT_CLASS = YES_ERROR;
				CLANG_WARN_RANGE_LOOP_ANALYSIS = YES;
				CLANG_WARN_STRICT_PROTOTYPES = YES;
				CLANG_WARN_SUSPICIOUS_MOVE = YES;
				CLANG_WARN_UNGUARDED_AVAILABILITY = YES_AGGRESSIVE;
				CLANG_WARN_UNREACHABLE_CODE = YES;
				CLANG_WARN__DUPLICATE_METHOD_MATCH = YES;
				COPY_PHASE_STRIP = NO;
				DEBUG_INFORMATION_FORMAT = "dwarf-with-dsym";
				ENABLE_NS_ASSERTIONS = NO;
				ENABLE_STRICT_OBJC_MSGSEND = YES;
				GCC_C_LANGUAGE_STANDARD = gnu11;
				GCC_NO_COMMON_BLOCKS = YES;
				GCC_WARN_64_TO_32_BIT_CONVERSION = YES;
				GCC_WARN_ABOUT_RETURN_TYPE = YES_ERROR;
				GCC_WARN_UNDECLARED_SELECTOR = YES;
				GCC_WARN_UNINITIALIZED_AUTOS = YES_AGGRESSIVE;
				GCC_WARN_UNUSED_FUNCTION = YES;
				GCC_WARN_UNUSED_VARIABLE = YES;
				IPHONEOS_DEPLOYMENT_TARGET = 13.2;
				MTL_ENABLE_DEBUG_INFO = NO;
				MTL_FAST_MATH = YES;
				SDKROOT = iphoneos;
				SWIFT_COMPILATION_MODE = wholemodule;
				SWIFT_OPTIMIZATION_LEVEL = "-O";
				VALIDATE_PRODUCT = YES;
			};
			name = Release;
		};
		04B84311242A423200B6A7B3 /* Debug */ = {
			isa = XCBuildConfiguration;
			baseConfigurationReference = DFDD4C763E81646E66BB9410 /* Pods-RealmPractice.debug.xcconfig */;
			buildSettings = {
				ASSETCATALOG_COMPILER_APPICON_NAME = AppIcon;
				CODE_SIGN_STYLE = Automatic;
				INFOPLIST_FILE = RealmPractice/Info.plist;
				LD_RUNPATH_SEARCH_PATHS = (
					"$(inherited)",
					"@executable_path/Frameworks",
				);
				PRODUCT_BUNDLE_IDENTIFIER = com.taoquynh.RealmPractice;
				PRODUCT_NAME = "$(TARGET_NAME)";
				SWIFT_VERSION = 5.0;
				TARGETED_DEVICE_FAMILY = "1,2";
			};
			name = Debug;
		};
		04B84312242A423200B6A7B3 /* Release */ = {
			isa = XCBuildConfiguration;
			baseConfigurationReference = 1409EA5F8BE2B007C36DD103 /* Pods-RealmPractice.release.xcconfig */;
			buildSettings = {
				ASSETCATALOG_COMPILER_APPICON_NAME = AppIcon;
				CODE_SIGN_STYLE = Automatic;
				INFOPLIST_FILE = RealmPractice/Info.plist;
				LD_RUNPATH_SEARCH_PATHS = (
					"$(inherited)",
					"@executable_path/Frameworks",
				);
				PRODUCT_BUNDLE_IDENTIFIER = com.taoquynh.RealmPractice;
				PRODUCT_NAME = "$(TARGET_NAME)";
				SWIFT_VERSION = 5.0;
				TARGETED_DEVICE_FAMILY = "1,2";
			};
			name = Release;
		};
/* End XCBuildConfiguration section */

/* Begin XCConfigurationList section */
		04B842F7242A423100B6A7B3 /* Build configuration list for PBXProject "RealmPractice" */ = {
			isa = XCConfigurationList;
			buildConfigurations = (
				04B8430E242A423200B6A7B3 /* Debug */,
				04B8430F242A423200B6A7B3 /* Release */,
			);
			defaultConfigurationIsVisible = 0;
			defaultConfigurationName = Release;
		};
		04B84310242A423200B6A7B3 /* Build configuration list for PBXNativeTarget "RealmPractice" */ = {
			isa = XCConfigurationList;
			buildConfigurations = (
				04B84311242A423200B6A7B3 /* Debug */,
				04B84312242A423200B6A7B3 /* Release */,
			);
			defaultConfigurationIsVisible = 0;
			defaultConfigurationName = Release;
		};
/* End XCConfigurationList section */
	};
	rootObject = 04B842F4242A423100B6A7B3 /* Project object */;
}
