// !$*UTF8*$!
{
	archiveVersion = 1;
	classes = {
	};
	objectVersion = 50;
	objects = {

/* Begin PBXBuildFile section */
		0435F1AB23F18DA70042F0FC /* CollectionViewCell.swift in Sources */ = {isa = PBXBuildFile; fileRef = 0435F1A923F18DA70042F0FC /* CollectionViewCell.swift */; };
		0435F1AC23F18DA70042F0FC /* CollectionViewCell.xib in Resources */ = {isa = PBXBuildFile; fileRef = 0435F1AA23F18DA70042F0FC /* CollectionViewCell.xib */; };
		0435F1AF23F198580042F0FC /* DetailViewController.swift in Sources */ = {isa = PBXBuildFile; fileRef = 0435F1AD23F198580042F0FC /* DetailViewController.swift */; };
		0435F1B023F198580042F0FC /* DetailViewController.xib in Resources */ = {isa = PBXBuildFile; fileRef = 0435F1AE23F198580042F0FC /* DetailViewController.xib */; };
		0435F1B323F1A3D30042F0FC /* TableViewCell.swift in Sources */ = {isa = PBXBuildFile; fileRef = 0435F1B123F1A3D30042F0FC /* TableViewCell.swift */; };
		0435F1B423F1A3D30042F0FC /* TableViewCell.xib in Resources */ = {isa = PBXBuildFile; fileRef = 0435F1B223F1A3D30042F0FC /* TableViewCell.xib */; };
		04B4F8EA23F17D4500BFB2AA /* AppDelegate.swift in Sources */ = {isa = PBXBuildFile; fileRef = 04B4F8E923F17D4500BFB2AA /* AppDelegate.swift */; };
		04B4F8EC23F17D4500BFB2AA /* SceneDelegate.swift in Sources */ = {isa = PBXBuildFile; fileRef = 04B4F8EB23F17D4500BFB2AA /* SceneDelegate.swift */; };
		04B4F8EE23F17D4500BFB2AA /* ViewController.swift in Sources */ = {isa = PBXBuildFile; fileRef = 04B4F8ED23F17D4500BFB2AA /* ViewController.swift */; };
		04B4F8F123F17D4500BFB2AA /* Main.storyboard in Resources */ = {isa = PBXBuildFile; fileRef = 04B4F8EF23F17D4500BFB2AA /* Main.storyboard */; };
		04B4F8F323F17D4600BFB2AA /* Assets.xcassets in Resources */ = {isa = PBXBuildFile; fileRef = 04B4F8F223F17D4600BFB2AA /* Assets.xcassets */; };
		04B4F8F623F17D4600BFB2AA /* LaunchScreen.storyboard in Resources */ = {isa = PBXBuildFile; fileRef = 04B4F8F423F17D4600BFB2AA /* LaunchScreen.storyboard */; };
		04B4F8FF23F17D5F00BFB2AA /* Quiz.swift in Sources */ = {isa = PBXBuildFile; fileRef = 04B4F8FE23F17D5F00BFB2AA /* Quiz.swift */; };
		04B4F90123F1810800BFB2AA /* FakeData.swift in Sources */ = {isa = PBXBuildFile; fileRef = 04B4F90023F1810800BFB2AA /* FakeData.swift */; };
/* End PBXBuildFile section */

/* Begin PBXFileReference section */
		0435F1A923F18DA70042F0FC /* CollectionViewCell.swift */ = {isa = PBXFileReference; lastKnownFileType = sourcecode.swift; path = CollectionViewCell.swift; sourceTree = "<group>"; };
		0435F1AA23F18DA70042F0FC /* CollectionViewCell.xib */ = {isa = PBXFileReference; lastKnownFileType = file.xib; path = CollectionViewCell.xib; sourceTree = "<group>"; };
		0435F1AD23F198580042F0FC /* DetailViewController.swift */ = {isa = PBXFileReference; lastKnownFileType = sourcecode.swift; path = DetailViewController.swift; sourceTree = "<group>"; };
		0435F1AE23F198580042F0FC /* DetailViewController.xib */ = {isa = PBXFileReference; lastKnownFileType = file.xib; path = DetailViewController.xib; sourceTree = "<group>"; };
		0435F1B123F1A3D30042F0FC /* TableViewCell.swift */ = {isa = PBXFileReference; fileEncoding = 4; lastKnownFileType = sourcecode.swift; path = TableViewCell.swift; sourceTree = "<group>"; };
		0435F1B223F1A3D30042F0FC /* TableViewCell.xib */ = {isa = PBXFileReference; fileEncoding = 4; lastKnownFileType = file.xib; path = TableViewCell.xib; sourceTree = "<group>"; };
		04B4F8E623F17D4500BFB2AA /* QuizApp.app */ = {isa = PBXFileReference; explicitFileType = wrapper.application; includeInIndex = 0; path = QuizApp.app; sourceTree = BUILT_PRODUCTS_DIR; };
		04B4F8E923F17D4500BFB2AA /* AppDelegate.swift */ = {isa = PBXFileReference; lastKnownFileType = sourcecode.swift; path = AppDelegate.swift; sourceTree = "<group>"; };
		04B4F8EB23F17D4500BFB2AA /* SceneDelegate.swift */ = {isa = PBXFileReference; lastKnownFileType = sourcecode.swift; path = SceneDelegate.swift; sourceTree = "<group>"; };
		04B4F8ED23F17D4500BFB2AA /* ViewController.swift */ = {isa = PBXFileReference; lastKnownFileType = sourcecode.swift; path = ViewController.swift; sourceTree = "<group>"; };
		04B4F8F023F17D4500BFB2AA /* Base */ = {isa = PBXFileReference; lastKnownFileType = file.storyboard; name = Base; path = Base.lproj/Main.storyboard; sourceTree = "<group>"; };
		04B4F8F223F17D4600BFB2AA /* Assets.xcassets */ = {isa = PBXFileReference; lastKnownFileType = folder.assetcatalog; path = Assets.xcassets; sourceTree = "<group>"; };
		04B4F8F523F17D4600BFB2AA /* Base */ = {isa = PBXFileReference; lastKnownFileType = file.storyboard; name = Base; path = Base.lproj/LaunchScreen.storyboard; sourceTree = "<group>"; };
		04B4F8F723F17D4600BFB2AA /* Info.plist */ = {isa = PBXFileReference; lastKnownFileType = text.plist.xml; path = Info.plist; sourceTree = "<group>"; };
		04B4F8FE23F17D5F00BFB2AA /* Quiz.swift */ = {isa = PBXFileReference; lastKnownFileType = sourcecode.swift; path = Quiz.swift; sourceTree = "<group>"; };
		04B4F90023F1810800BFB2AA /* FakeData.swift */ = {isa = PBXFileReference; lastKnownFileType = sourcecode.swift; path = FakeData.swift; sourceTree = "<group>"; };
/* End PBXFileReference section */

/* Begin PBXFrameworksBuildPhase section */
		04B4F8E323F17D4500BFB2AA /* Frameworks */ = {
			isa = PBXFrameworksBuildPhase;
			buildActionMask = 2147483647;
			files = (
			);
			runOnlyForDeploymentPostprocessing = 0;
		};
/* End PBXFrameworksBuildPhase section */

/* Begin PBXGroup section */
		04B4F8DD23F17D4500BFB2AA = {
			isa = PBXGroup;
			children = (
				04B4F8E823F17D4500BFB2AA /* QuizApp */,
				04B4F8E723F17D4500BFB2AA /* Products */,
			);
			sourceTree = "<group>";
		};
		04B4F8E723F17D4500BFB2AA /* Products */ = {
			isa = PBXGroup;
			children = (
				04B4F8E623F17D4500BFB2AA /* QuizApp.app */,
			);
			name = Products;
			sourceTree = "<group>";
		};
		04B4F8E823F17D4500BFB2AA /* QuizApp */ = {
			isa = PBXGroup;
			children = (
				04B4F90223F1871300BFB2AA /* Controllers */,
				04B4F8FD23F17D5500BFB2AA /* Model */,
				04B4F8E923F17D4500BFB2AA /* AppDelegate.swift */,
				04B4F8EB23F17D4500BFB2AA /* SceneDelegate.swift */,
				04B4F8EF23F17D4500BFB2AA /* Main.storyboard */,
				04B4F8F223F17D4600BFB2AA /* Assets.xcassets */,
				04B4F8F423F17D4600BFB2AA /* LaunchScreen.storyboard */,
				04B4F8F723F17D4600BFB2AA /* Info.plist */,
			);
			path = QuizApp;
			sourceTree = "<group>";
		};
		04B4F8FD23F17D5500BFB2AA /* Model */ = {
			isa = PBXGroup;
			children = (
				04B4F8FE23F17D5F00BFB2AA /* Quiz.swift */,
				04B4F90023F1810800BFB2AA /* FakeData.swift */,
			);
			path = Model;
			sourceTree = "<group>";
		};
		04B4F90223F1871300BFB2AA /* Controllers */ = {
			isa = PBXGroup;
			children = (
				04B4F8ED23F17D4500BFB2AA /* ViewController.swift */,
				0435F1A923F18DA70042F0FC /* CollectionViewCell.swift */,
				0435F1AA23F18DA70042F0FC /* CollectionViewCell.xib */,
				0435F1AD23F198580042F0FC /* DetailViewController.swift */,
				0435F1AE23F198580042F0FC /* DetailViewController.xib */,
				0435F1B123F1A3D30042F0FC /* TableViewCell.swift */,
				0435F1B223F1A3D30042F0FC /* TableViewCell.xib */,
			);
			path = Controllers;
			sourceTree = "<group>";
		};
/* End PBXGroup section */

/* Begin PBXNativeTarget section */
		04B4F8E523F17D4500BFB2AA /* QuizApp */ = {
			isa = PBXNativeTarget;
			buildConfigurationList = 04B4F8FA23F17D4600BFB2AA /* Build configuration list for PBXNativeTarget "QuizApp" */;
			buildPhases = (
				04B4F8E223F17D4500BFB2AA /* Sources */,
				04B4F8E323F17D4500BFB2AA /* Frameworks */,
				04B4F8E423F17D4500BFB2AA /* Resources */,
			);
			buildRules = (
			);
			dependencies = (
			);
			name = QuizApp;
			productName = QuizApp;
			productReference = 04B4F8E623F17D4500BFB2AA /* QuizApp.app */;
			productType = "com.apple.product-type.application";
		};
/* End PBXNativeTarget section */

/* Begin PBXProject section */
		04B4F8DE23F17D4500BFB2AA /* Project object */ = {
			isa = PBXProject;
			attributes = {
				LastSwiftUpdateCheck = 1130;
				LastUpgradeCheck = 1130;
				ORGANIZATIONNAME = Quynh;
				TargetAttributes = {
					04B4F8E523F17D4500BFB2AA = {
						CreatedOnToolsVersion = 11.3.1;
					};
				};
			};
			buildConfigurationList = 04B4F8E123F17D4500BFB2AA /* Build configuration list for PBXProject "QuizApp" */;
			compatibilityVersion = "Xcode 9.3";
			developmentRegion = en;
			hasScannedForEncodings = 0;
			knownRegions = (
				en,
				Base,
			);
			mainGroup = 04B4F8DD23F17D4500BFB2AA;
			productRefGroup = 04B4F8E723F17D4500BFB2AA /* Products */;
			projectDirPath = "";
			projectRoot = "";
			targets = (
				04B4F8E523F17D4500BFB2AA /* QuizApp */,
			);
		};
/* End PBXProject section */

/* Begin PBXResourcesBuildPhase section */
		04B4F8E423F17D4500BFB2AA /* Resources */ = {
			isa = PBXResourcesBuildPhase;
			buildActionMask = 2147483647;
			files = (
				04B4F8F623F17D4600BFB2AA /* LaunchScreen.storyboard in Resources */,
				0435F1B423F1A3D30042F0FC /* TableViewCell.xib in Resources */,
				04B4F8F323F17D4600BFB2AA /* Assets.xcassets in Resources */,
				0435F1B023F198580042F0FC /* DetailViewController.xib in Resources */,
				0435F1AC23F18DA70042F0FC /* CollectionViewCell.xib in Resources */,
				04B4F8F123F17D4500BFB2AA /* Main.storyboard in Resources */,
			);
			runOnlyForDeploymentPostprocessing = 0;
		};
/* End PBXResourcesBuildPhase section */

/* Begin PBXSourcesBuildPhase section */
		04B4F8E223F17D4500BFB2AA /* Sources */ = {
			isa = PBXSourcesBuildPhase;
			buildActionMask = 2147483647;
			files = (
				04B4F8EE23F17D4500BFB2AA /* ViewController.swift in Sources */,
				0435F1B323F1A3D30042F0FC /* TableViewCell.swift in Sources */,
				04B4F8EA23F17D4500BFB2AA /* AppDelegate.swift in Sources */,
				0435F1AB23F18DA70042F0FC /* CollectionViewCell.swift in Sources */,
				04B4F8FF23F17D5F00BFB2AA /* Quiz.swift in Sources */,
				04B4F8EC23F17D4500BFB2AA /* SceneDelegate.swift in Sources */,
				04B4F90123F1810800BFB2AA /* FakeData.swift in Sources */,
				0435F1AF23F198580042F0FC /* DetailViewController.swift in Sources */,
			);
			runOnlyForDeploymentPostprocessing = 0;
		};
/* End PBXSourcesBuildPhase section */

/* Begin PBXVariantGroup section */
		04B4F8EF23F17D4500BFB2AA /* Main.storyboard */ = {
			isa = PBXVariantGroup;
			children = (
				04B4F8F023F17D4500BFB2AA /* Base */,
			);
			name = Main.storyboard;
			sourceTree = "<group>";
		};
		04B4F8F423F17D4600BFB2AA /* LaunchScreen.storyboard */ = {
			isa = PBXVariantGroup;
			children = (
				04B4F8F523F17D4600BFB2AA /* Base */,
			);
			name = LaunchScreen.storyboard;
			sourceTree = "<group>";
		};
/* End PBXVariantGroup section */

/* Begin XCBuildConfiguration section */
		04B4F8F823F17D4600BFB2AA /* Debug */ = {
			isa = XCBuildConfiguration;
			buildSettings = {
				ALWAYS_SEARCH_USER_PATHS = NO;
				CLANG_ANALYZER_NONNULL = YES;
				CLANG_ANALYZER_NUMBER_OBJECT_CONVERSION = YES_AGGRESSIVE;
				CLANG_CXX_LANGUAGE_STANDARD = "gnu++14";
				CLANG_CXX_LIBRARY = "libc++";
				CLANG_ENABLE_MODULES = YES;
				CLANG_ENABLE_OBJC_ARC = YES;
				CLANG_ENABLE_OBJC_WEAK = YES;
				CLANG_WARN_BLOCK_CAPTURE_AUTORELEASING = YES;
				CLANG_WARN_BOOL_CONVERSION = YES;
				CLANG_WARN_COMMA = YES;
				CLANG_WARN_CONSTANT_CONVERSION = YES;
				CLANG_WARN_DEPRECATED_OBJC_IMPLEMENTATIONS = YES;
				CLANG_WARN_DIRECT_OBJC_ISA_USAGE = YES_ERROR;
				CLANG_WARN_DOCUMENTATION_COMMENTS = YES;
				CLANG_WARN_EMPTY_BODY = YES;
				CLANG_WARN_ENUM_CONVERSION = YES;
				CLANG_WARN_INFINITE_RECURSION = YES;
				CLANG_WARN_INT_CONVERSION = YES;
				CLANG_WARN_NON_LITERAL_NULL_CONVERSION = YES;
				CLANG_WARN_OBJC_IMPLICIT_RETAIN_SELF = YES;
				CLANG_WARN_OBJC_LITERAL_CONVERSION = YES;
				CLANG_WARN_OBJC_ROOT_CLASS = YES_ERROR;
				CLANG_WARN_RANGE_LOOP_ANALYSIS = YES;
				CLANG_WARN_STRICT_PROTOTYPES = YES;
				CLANG_WARN_SUSPICIOUS_MOVE = YES;
				CLANG_WARN_UNGUARDED_AVAILABILITY = YES_AGGRESSIVE;
				CLANG_WARN_UNREACHABLE_CODE = YES;
				CLANG_WARN__DUPLICATE_METHOD_MATCH = YES;
				COPY_PHASE_STRIP = NO;
				DEBUG_INFORMATION_FORMAT = dwarf;
				ENABLE_STRICT_OBJC_MSGSEND = YES;
				ENABLE_TESTABILITY = YES;
				GCC_C_LANGUAGE_STANDARD = gnu11;
				GCC_DYNAMIC_NO_PIC = NO;
				GCC_NO_COMMON_BLOCKS = YES;
				GCC_OPTIMIZATION_LEVEL = 0;
				GCC_PREPROCESSOR_DEFINITIONS = (
					"DEBUG=1",
					"$(inherited)",
				);
				GCC_WARN_64_TO_32_BIT_CONVERSION = YES;
				GCC_WARN_ABOUT_RETURN_TYPE = YES_ERROR;
				GCC_WARN_UNDECLARED_SELECTOR = YES;
				GCC_WARN_UNINITIALIZED_AUTOS = YES_AGGRESSIVE;
				GCC_WARN_UNUSED_FUNCTION = YES;
				GCC_WARN_UNUSED_VARIABLE = YES;
				IPHONEOS_DEPLOYMENT_TARGET = 13.2;
				MTL_ENABLE_DEBUG_INFO = INCLUDE_SOURCE;
				MTL_FAST_MATH = YES;
				ONLY_ACTIVE_ARCH = YES;
				SDKROOT = iphoneos;
				SWIFT_ACTIVE_COMPILATION_CONDITIONS = DEBUG;
				SWIFT_OPTIMIZATION_LEVEL = "-Onone";
			};
			name = Debug;
		};
		04B4F8F923F17D4600BFB2AA /* Release */ = {
			isa = XCBuildConfiguration;
			buildSettings = {
				ALWAYS_SEARCH_USER_PATHS = NO;
				CLANG_ANALYZER_NONNULL = YES;
				CLANG_ANALYZER_NUMBER_OBJECT_CONVERSION = YES_AGGRESSIVE;
				CLANG_CXX_LANGUAGE_STANDARD = "gnu++14";
				CLANG_CXX_LIBRARY = "libc++";
				CLANG_ENABLE_MODULES = YES;
				CLANG_ENABLE_OBJC_ARC = YES;
				CLANG_ENABLE_OBJC_WEAK = YES;
				CLANG_WARN_BLOCK_CAPTURE_AUTORELEASING = YES;
				CLANG_WARN_BOOL_CONVERSION = YES;
				CLANG_WARN_COMMA = YES;
				CLANG_WARN_CONSTANT_CONVERSION = YES;
				CLANG_WARN_DEPRECATED_OBJC_IMPLEMENTATIONS = YES;
				CLANG_WARN_DIRECT_OBJC_ISA_USAGE = YES_ERROR;
				CLANG_WARN_DOCUMENTATION_COMMENTS = YES;
				CLANG_WARN_EMPTY_BODY = YES;
				CLANG_WARN_ENUM_CONVERSION = YES;
				CLANG_WARN_INFINITE_RECURSION = YES;
				CLANG_WARN_INT_CONVERSION = YES;
				CLANG_WARN_NON_LITERAL_NULL_CONVERSION = YES;
				CLANG_WARN_OBJC_IMPLICIT_RETAIN_SELF = YES;
				CLANG_WARN_OBJC_LITERAL_CONVERSION = YES;
				CLANG_WARN_OBJC_ROOT_CLASS = YES_ERROR;
				CLANG_WARN_RANGE_LOOP_ANALYSIS = YES;
				CLANG_WARN_STRICT_PROTOTYPES = YES;
				CLANG_WARN_SUSPICIOUS_MOVE = YES;
				CLANG_WARN_UNGUARDED_AVAILABILITY = YES_AGGRESSIVE;
				CLANG_WARN_UNREACHABLE_CODE = YES;
				CLANG_WARN__DUPLICATE_METHOD_MATCH = YES;
				COPY_PHASE_STRIP = NO;
				DEBUG_INFORMATION_FORMAT = "dwarf-with-dsym";
				ENABLE_NS_ASSERTIONS = NO;
				ENABLE_STRICT_OBJC_MSGSEND = YES;
				GCC_C_LANGUAGE_STANDARD = gnu11;
				GCC_NO_COMMON_BLOCKS = YES;
				GCC_WARN_64_TO_32_BIT_CONVERSION = YES;
				GCC_WARN_ABOUT_RETURN_TYPE = YES_ERROR;
				GCC_WARN_UNDECLARED_SELECTOR = YES;
				GCC_WARN_UNINITIALIZED_AUTOS = YES_AGGRESSIVE;
				GCC_WARN_UNUSED_FUNCTION = YES;
				GCC_WARN_UNUSED_VARIABLE = YES;
				IPHONEOS_DEPLOYMENT_TARGET = 13.2;
				MTL_ENABLE_DEBUG_INFO = NO;
				MTL_FAST_MATH = YES;
				SDKROOT = iphoneos;
				SWIFT_COMPILATION_MODE = wholemodule;
				SWIFT_OPTIMIZATION_LEVEL = "-O";
				VALIDATE_PRODUCT = YES;
			};
			name = Release;
		};
		04B4F8FB23F17D4600BFB2AA /* Debug */ = {
			isa = XCBuildConfiguration;
			buildSettings = {
				ASSETCATALOG_COMPILER_APPICON_NAME = AppIcon;
				CODE_SIGN_STYLE = Automatic;
				INFOPLIST_FILE = QuizApp/Info.plist;
				LD_RUNPATH_SEARCH_PATHS = (
					"$(inherited)",
					"@executable_path/Frameworks",
				);
				PRODUCT_BUNDLE_IDENTIFIER = com.taoquynh.QuizApp;
				PRODUCT_NAME = "$(TARGET_NAME)";
				SWIFT_VERSION = 5.0;
				TARGETED_DEVICE_FAMILY = "1,2";
			};
			name = Debug;
		};
		04B4F8FC23F17D4600BFB2AA /* Release */ = {
			isa = XCBuildConfiguration;
			buildSettings = {
				ASSETCATALOG_COMPILER_APPICON_NAME = AppIcon;
				CODE_SIGN_STYLE = Automatic;
				INFOPLIST_FILE = QuizApp/Info.plist;
				LD_RUNPATH_SEARCH_PATHS = (
					"$(inherited)",
					"@executable_path/Frameworks",
				);
				PRODUCT_BUNDLE_IDENTIFIER = com.taoquynh.QuizApp;
				PRODUCT_NAME = "$(TARGET_NAME)";
				SWIFT_VERSION = 5.0;
				TARGETED_DEVICE_FAMILY = "1,2";
			};
			name = Release;
		};
/* End XCBuildConfiguration section */

/* Begin XCConfigurationList section */
		04B4F8E123F17D4500BFB2AA /* Build configuration list for PBXProject "QuizApp" */ = {
			isa = XCConfigurationList;
			buildConfigurations = (
				04B4F8F823F17D4600BFB2AA /* Debug */,
				04B4F8F923F17D4600BFB2AA /* Release */,
			);
			defaultConfigurationIsVisible = 0;
			defaultConfigurationName = Release;
		};
		04B4F8FA23F17D4600BFB2AA /* Build configuration list for PBXNativeTarget "QuizApp" */ = {
			isa = XCConfigurationList;
			buildConfigurations = (
				04B4F8FB23F17D4600BFB2AA /* Debug */,
				04B4F8FC23F17D4600BFB2AA /* Release */,
			);
			defaultConfigurationIsVisible = 0;
			defaultConfigurationName = Release;
		};
/* End XCConfigurationList section */
	};
	rootObject = 04B4F8DE23F17D4500BFB2AA /* Project object */;
}
